
Microsoft Visual Studio Solution File, Format Version 12.00
# Visual Studio 15
VisualStudioVersion = 15.0.27703.2018
MinimumVisualStudioVersion = 10.0.40219.1
Project("{9A19103F-16F7-4668-BE54-9A1E7A4F7556}") = "ASPCoreMvcSamples", "ASPCoreMvcSamples\ASPCoreMvcSamples.csproj", "{4E675332-E319-4970-B264-A133858FF9F4}"
EndProject
Project("{9A19103F-16F7-4668-BE54-9A1E7A4F7556}") = "MVCSampleApp", "MVCSampleApp\MVCSampleApp.csproj", "{DE6112BF-1A18-4927-9EAF-A7DF5747F310}"
EndProject
Project("{2150E333-8FDC-42A3-9474-1A3956D46DE8}") = "Solution Items", "Solution Items", "{7E12DB78-4F95-4636-96D6-342408B9FDEB}"
	ProjectSection(SolutionItems) = preProject
		.filenesting.json = .filenesting.json
	EndProjectSection
EndProject
Project("{9A19103F-16F7-4668-BE54-9A1E7A4F7556}") = "TagHelperSamples", "TagHelperSamples\TagHelperSamples.csproj", "{857C4254-A8CB-4B2D-AE52-DB451F9FAAC5}"
EndProject
Project("{FAE04EC0-301F-11D3-BF4B-00C04F79EFBC}") = "MenuPlanner", "MenuPlanner\MenuPlanner.csproj", "{67FC7470-FF05-4B6B-8C5D-76C523BC3DAC}"
EndProject
Global
	GlobalSection(SolutionConfigurationPlatforms) = preSolution
		Debug|Any CPU = Debug|Any CPU
		Release|Any CPU = Release|Any CPU
	EndGlobalSection
	GlobalSection(ProjectConfigurationPlatforms) = postSolution
		{4E675332-E319-4970-B264-A133858FF9F4}.Debug|Any CPU.ActiveCfg = Debug|Any CPU
		{4E675332-E319-4970-B264-A133858FF9F4}.Debug|Any CPU.Build.0 = Debug|Any CPU
		{4E675332-E319-4970-B264-A133858FF9F4}.Release|Any CPU.ActiveCfg = Release|Any CPU
		{4E675332-E319-4970-B264-A133858FF9F4}.Release|Any CPU.Build.0 = Release|Any CPU
		{DE6112BF-1A18-4927-9EAF-A7DF5747F310}.Debug|Any CPU.ActiveCfg = Debug|Any CPU
		{DE6112BF-1A18-4927-9EAF-A7DF5747F310}.Debug|Any CPU.Build.0 = Debug|Any CPU
		{DE6112BF-1A18-4927-9EAF-A7DF5747F310}.Release|Any CPU.ActiveCfg = Release|Any CPU
		{DE6112BF-1A18-4927-9EAF-A7DF5747F310}.Release|Any CPU.Build.0 = Release|Any CPU
		{857C4254-A8CB-4B2D-AE52-DB451F9FAAC5}.Debug|Any CPU.ActiveCfg = Debug|Any CPU
		{857C4254-A8CB-4B2D-AE52-DB451F9FAAC5}.Debug|Any CPU.Build.0 = Debug|Any CPU
		{857C4254-A8CB-4B2D-AE52-DB451F9FAAC5}.Release|Any CPU.ActiveCfg = Release|Any CPU
		{857C4254-A8CB-4B2D-AE52-DB451F9FAAC5}.Release|Any CPU.Build.0 = Release|Any CPU
		{67FC7470-FF05-4B6B-8C5D-76C523BC3DAC}.Debug|Any CPU.ActiveCfg = Debug|Any CPU
		{67FC7470-FF05-4B6B-8C5D-76C523BC3DAC}.Debug|Any CPU.Build.0 = Debug|Any CPU
		{67FC7470-FF05-4B6B-8C5D-76C523BC3DAC}.Release|Any CPU.ActiveCfg = Release|Any CPU
		{67FC7470-FF05-4B6B-8C5D-76C523BC3DAC}.Release|Any CPU.Build.0 = Release|Any CPU
	EndGlobalSection
	GlobalSection(SolutionProperties) = preSolution
		HideSolutionNode = FALSE
	EndGlobalSection
	GlobalSection(ExtensibilityGlobals) = postSolution
		SolutionGuid = {E04A1769-AA6B-4208-A9FA-AC1E959549A7}
	EndGlobalSection
EndGlobal
