
Microsoft Visual Studio Solution File, Format Version 12.00
# Visual Studio 15
VisualStudioVersion = 15.0.27703.2035
MinimumVisualStudioVersion = 10.0.40219.1
Project("{FAE04EC0-301F-11D3-BF4B-00C04F79EFBC}") = "EFModelUsingConventions", "EFModelUsingConventions\EFModelUsingConventions.csproj", "{93D6B5E3-D361-40D4-9343-8074D6B84765}"
EndProject
Global
	GlobalSection(SolutionConfigurationPlatforms) = preSolution
		Debug|Any CPU = Debug|Any CPU
		Release|Any CPU = Release|Any CPU
	EndGlobalSection
	GlobalSection(ProjectConfigurationPlatforms) = postSolution
		{93D6B5E3-D361-40D4-9343-8074D6B84765}.Debug|Any CPU.ActiveCfg = Debug|Any CPU
		{93D6B5E3-D361-40D4-9343-8074D6B84765}.Debug|Any CPU.Build.0 = Debug|Any CPU
		{93D6B5E3-D361-40D4-9343-8074D6B84765}.Release|Any CPU.ActiveCfg = Release|Any CPU
		{93D6B5E3-D361-40D4-9343-8074D6B84765}.Release|Any CPU.Build.0 = Release|Any CPU
	EndGlobalSection
	GlobalSection(SolutionProperties) = preSolution
		HideSolutionNode = FALSE
	EndGlobalSection
	GlobalSection(ExtensibilityGlobals) = postSolution
		SolutionGuid = {547878A4-431A-4003-AA4D-0C45DC685DEB}
	EndGlobalSection
EndGlobal
